
Microsoft Visual Studio Solution File, Format Version 12.00
# Visual Studio Version 17
VisualStudioVersion = 17.12.35527.113
MinimumVisualStudioVersion = 10.0.40219.1
Project("{FAE04EC0-301F-11D3-BF4B-00C04F79EFBC}") = "AuthService", "AuthService\AuthService.csproj", "{6CD016E3-B5D4-42CD-AD1F-FEDEFD46970A}"
EndProject
Project("{FAE04EC0-301F-11D3-BF4B-00C04F79EFBC}") = "WebAPI", "WebAPI\WebAPI.csproj", "{9AF04A6B-3FA0-4505-9170-2E5C069F0645}"
EndProject
Project("{FAE04EC0-301F-11D3-BF4B-00C04F79EFBC}") = "WebAPI.DataAccess", "WebAPI.EFCore\WebAPI.DataAccess.csproj", "{BFF2F321-E940-43B8-9FB5-240D52B2C46B}"
EndProject
Project("{FAE04EC0-301F-11D3-BF4B-00C04F79EFBC}") = "WebAPI.Services", "WebAPI.Services\WebAPI.Services.csproj", "{C3BAF4D3-4540-4798-9AAD-0A173977AF28}"
EndProject
Global
	GlobalSection(SolutionConfigurationPlatforms) = preSolution
		Debug|Any CPU = Debug|Any CPU
		Release|Any CPU = Release|Any CPU
	EndGlobalSection
	GlobalSection(ProjectConfigurationPlatforms) = postSolution
		{6CD016E3-B5D4-42CD-AD1F-FEDEFD46970A}.Debug|Any CPU.ActiveCfg = Debug|Any CPU
		{6CD016E3-B5D4-42CD-AD1F-FEDEFD46970A}.Debug|Any CPU.Build.0 = Debug|Any CPU
		{6CD016E3-B5D4-42CD-AD1F-FEDEFD46970A}.Release|Any CPU.ActiveCfg = Release|Any CPU
		{6CD016E3-B5D4-42CD-AD1F-FEDEFD46970A}.Release|Any CPU.Build.0 = Release|Any CPU
		{9AF04A6B-3FA0-4505-9170-2E5C069F0645}.Debug|Any CPU.ActiveCfg = Debug|Any CPU
		{9AF04A6B-3FA0-4505-9170-2E5C069F0645}.Debug|Any CPU.Build.0 = Debug|Any CPU
		{9AF04A6B-3FA0-4505-9170-2E5C069F0645}.Release|Any CPU.ActiveCfg = Release|Any CPU
		{9AF04A6B-3FA0-4505-9170-2E5C069F0645}.Release|Any CPU.Build.0 = Release|Any CPU
		{BFF2F321-E940-43B8-9FB5-240D52B2C46B}.Debug|Any CPU.ActiveCfg = Debug|Any CPU
		{BFF2F321-E940-43B8-9FB5-240D52B2C46B}.Debug|Any CPU.Build.0 = Debug|Any CPU
		{BFF2F321-E940-43B8-9FB5-240D52B2C46B}.Release|Any CPU.ActiveCfg = Release|Any CPU
		{BFF2F321-E940-43B8-9FB5-240D52B2C46B}.Release|Any CPU.Build.0 = Release|Any CPU
		{C3BAF4D3-4540-4798-9AAD-0A173977AF28}.Debug|Any CPU.ActiveCfg = Debug|Any CPU
		{C3BAF4D3-4540-4798-9AAD-0A173977AF28}.Debug|Any CPU.Build.0 = Debug|Any CPU
		{C3BAF4D3-4540-4798-9AAD-0A173977AF28}.Release|Any CPU.ActiveCfg = Release|Any CPU
		{C3BAF4D3-4540-4798-9AAD-0A173977AF28}.Release|Any CPU.Build.0 = Release|Any CPU
	EndGlobalSection
	GlobalSection(SolutionProperties) = preSolution
		HideSolutionNode = FALSE
	EndGlobalSection
EndGlobal
